
Microsoft Visual Studio Solution File, Format Version 12.00
# Visual Studio 15
VisualStudioVersion = 15.0.28307.852
MinimumVisualStudioVersion = 10.0.40219.1
Project("{FAE04EC0-301F-11D3-BF4B-00C04F79EFBC}") = "Multi-Console-Display", "Multi-Console-Display\Multi-Console-Display.csproj", "{A826E801-A7C5-4489-AA9D-610C28D14273}"
EndProject
Project("{9A19103F-16F7-4668-BE54-9A1E7A4F7556}") = "Multi-Console-Driver", "Project-Console-Driver\Multi-Console-Driver.csproj", "{6ACBF7E8-487E-4C98-B991-92493E6F0E82}"
EndProject
Project("{9A19103F-16F7-4668-BE54-9A1E7A4F7556}") = "Project-Console-Driver.Tests", "Project-Console-Driver.Tests\Project-Console-Driver.Tests.csproj", "{9769C93C-D4ED-4AE1-A00F-6612E75C00F1}"
EndProject
Project("{FAE04EC0-301F-11D3-BF4B-00C04F79EFBC}") = "Multi-Console-Display.Console", "Multi-Console-Display.Console\Multi-Console-Display.Console.csproj", "{8DD49F28-DDA1-452E-B058-2576D87C6250}"
EndProject
Project("{FAE04EC0-301F-11D3-BF4B-00C04F79EFBC}") = "Multi-Console-Display.Core", "Multi-Console-Display.Core\Multi-Console-Display.Core.csproj", "{7D6C5E16-F9A0-47A1-BC39-65AC987576CB}"
EndProject
Global
	GlobalSection(SolutionConfigurationPlatforms) = preSolution
		Debug|Any CPU = Debug|Any CPU
		Release|Any CPU = Release|Any CPU
	EndGlobalSection
	GlobalSection(ProjectConfigurationPlatforms) = postSolution
		{A826E801-A7C5-4489-AA9D-610C28D14273}.Debug|Any CPU.ActiveCfg = Debug|Any CPU
		{A826E801-A7C5-4489-AA9D-610C28D14273}.Debug|Any CPU.Build.0 = Debug|Any CPU
		{A826E801-A7C5-4489-AA9D-610C28D14273}.Release|Any CPU.ActiveCfg = Release|Any CPU
		{A826E801-A7C5-4489-AA9D-610C28D14273}.Release|Any CPU.Build.0 = Release|Any CPU
		{6ACBF7E8-487E-4C98-B991-92493E6F0E82}.Debug|Any CPU.ActiveCfg = Debug|Any CPU
		{6ACBF7E8-487E-4C98-B991-92493E6F0E82}.Debug|Any CPU.Build.0 = Debug|Any CPU
		{6ACBF7E8-487E-4C98-B991-92493E6F0E82}.Release|Any CPU.ActiveCfg = Release|Any CPU
		{6ACBF7E8-487E-4C98-B991-92493E6F0E82}.Release|Any CPU.Build.0 = Release|Any CPU
		{9769C93C-D4ED-4AE1-A00F-6612E75C00F1}.Debug|Any CPU.ActiveCfg = Debug|Any CPU
		{9769C93C-D4ED-4AE1-A00F-6612E75C00F1}.Debug|Any CPU.Build.0 = Debug|Any CPU
		{9769C93C-D4ED-4AE1-A00F-6612E75C00F1}.Release|Any CPU.ActiveCfg = Release|Any CPU
		{9769C93C-D4ED-4AE1-A00F-6612E75C00F1}.Release|Any CPU.Build.0 = Release|Any CPU
		{8DD49F28-DDA1-452E-B058-2576D87C6250}.Debug|Any CPU.ActiveCfg = Debug|Any CPU
		{8DD49F28-DDA1-452E-B058-2576D87C6250}.Debug|Any CPU.Build.0 = Debug|Any CPU
		{8DD49F28-DDA1-452E-B058-2576D87C6250}.Release|Any CPU.ActiveCfg = Release|Any CPU
		{8DD49F28-DDA1-452E-B058-2576D87C6250}.Release|Any CPU.Build.0 = Release|Any CPU
		{7D6C5E16-F9A0-47A1-BC39-65AC987576CB}.Debug|Any CPU.ActiveCfg = Debug|Any CPU
		{7D6C5E16-F9A0-47A1-BC39-65AC987576CB}.Debug|Any CPU.Build.0 = Debug|Any CPU
		{7D6C5E16-F9A0-47A1-BC39-65AC987576CB}.Release|Any CPU.ActiveCfg = Release|Any CPU
		{7D6C5E16-F9A0-47A1-BC39-65AC987576CB}.Release|Any CPU.Build.0 = Release|Any CPU
	EndGlobalSection
	GlobalSection(SolutionProperties) = preSolution
		HideSolutionNode = FALSE
	EndGlobalSection
	GlobalSection(ExtensibilityGlobals) = postSolution
		SolutionGuid = {56C724DE-A455-499B-8094-6CD37CBC6B72}
	EndGlobalSection
EndGlobal
